// !$*UTF8*$!
{
	archiveVersion = 1;
	classes = {
	};
	objectVersion = 51;
	objects = {

/* Begin PBXBuildFile section */
		9104519C25C0908A00B315D0 /* TheMaquereauApp.swift in Sources */ = {isa = PBXBuildFile; fileRef = 9104519B25C0908A00B315D0 /* TheMaquereauApp.swift */; };
		9104519E25C0908A00B315D0 /* HomeView.swift in Sources */ = {isa = PBXBuildFile; fileRef = 9104519D25C0908A00B315D0 /* HomeView.swift */; };
		910451A025C0908A00B315D0 /* Assets.xcassets in Resources */ = {isa = PBXBuildFile; fileRef = 9104519F25C0908A00B315D0 /* Assets.xcassets */; };
		910451AE25C0908B00B315D0 /* themaquereauTests.swift in Sources */ = {isa = PBXBuildFile; fileRef = 910451AD25C0908B00B315D0 /* themaquereauTests.swift */; };
		910451B925C0908B00B315D0 /* themaquereauUITests.swift in Sources */ = {isa = PBXBuildFile; fileRef = 910451B825C0908B00B315D0 /* themaquereauUITests.swift */; };
		911E1E8025CC9B0500D767C0 /* Podfile in Resources */ = {isa = PBXBuildFile; fileRef = 911E1E7F25CC9B0500D767C0 /* Podfile */; };
		917E721025C74AA6004B2597 /* JsonDataResponse.swift in Sources */ = {isa = PBXBuildFile; fileRef = 917E720F25C74AA6004B2597 /* JsonDataResponse.swift */; };
		91BCEADF25CB539200E43E1E /* ContactView.swift in Sources */ = {isa = PBXBuildFile; fileRef = 91BCEADE25CB539200E43E1E /* ContactView.swift */; };
		91E723B925C499C600107A59 /* DishListView.swift in Sources */ = {isa = PBXBuildFile; fileRef = 91E723B825C499C600107A59 /* DishListView.swift */; };
		91E723C225C49C3100107A59 /* Item.swift in Sources */ = {isa = PBXBuildFile; fileRef = 91E723C125C49C3100107A59 /* Item.swift */; };
		91E723CA25C49E1600107A59 /* Ingredient.swift in Sources */ = {isa = PBXBuildFile; fileRef = 91E723C925C49E1600107A59 /* Ingredient.swift */; };
		CFFBA544A488874B4992CF2E /* Price.swift in Sources */ = {isa = PBXBuildFile; fileRef = CFFBA4763C8D7D54F585FD30 /* Price.swift */; };
		CFFBAAE45393E279BAA1FC1D /* Data.swift in Sources */ = {isa = PBXBuildFile; fileRef = CFFBAD1B4D4C2D59A973E54D /* Data.swift */; };
		CFFBABAF09FD78A49D840456 /* items.json in Resources */ = {isa = PBXBuildFile; fileRef = CFFBA88B1AA37E6FCB6280AC /* items.json */; };
		F77DA729FC8632BCE1F67D11 /* Pods_themaquereau.framework in Frameworks */ = {isa = PBXBuildFile; fileRef = 5DCB0B56A752FBC883F43E8D /* Pods_themaquereau.framework */; };
/* End PBXBuildFile section */

/* Begin PBXContainerItemProxy section */
		910451AA25C0908B00B315D0 /* PBXContainerItemProxy */ = {
			isa = PBXContainerItemProxy;
			containerPortal = 9104519025C0908900B315D0 /* Project object */;
			proxyType = 1;
			remoteGlobalIDString = 9104519725C0908A00B315D0;
			remoteInfo = themaquereau;
		};
		910451B525C0908B00B315D0 /* PBXContainerItemProxy */ = {
			isa = PBXContainerItemProxy;
			containerPortal = 9104519025C0908900B315D0 /* Project object */;
			proxyType = 1;
			remoteGlobalIDString = 9104519725C0908A00B315D0;
			remoteInfo = themaquereau;
		};
/* End PBXContainerItemProxy section */

/* Begin PBXFileReference section */
		5DCB0B56A752FBC883F43E8D /* Pods_themaquereau.framework */ = {isa = PBXFileReference; explicitFileType = wrapper.framework; includeInIndex = 0; path = Pods_themaquereau.framework; sourceTree = BUILT_PRODUCTS_DIR; };
		9104519825C0908A00B315D0 /* themaquereau.app */ = {isa = PBXFileReference; explicitFileType = wrapper.application; includeInIndex = 0; path = themaquereau.app; sourceTree = BUILT_PRODUCTS_DIR; };
		9104519B25C0908A00B315D0 /* TheMaquereauApp.swift */ = {isa = PBXFileReference; lastKnownFileType = sourcecode.swift; path = TheMaquereauApp.swift; sourceTree = "<group>"; };
		9104519D25C0908A00B315D0 /* HomeView.swift */ = {isa = PBXFileReference; lastKnownFileType = sourcecode.swift; path = HomeView.swift; sourceTree = "<group>"; };
		9104519F25C0908A00B315D0 /* Assets.xcassets */ = {isa = PBXFileReference; lastKnownFileType = folder.assetcatalog; path = Assets.xcassets; sourceTree = "<group>"; };
		910451A425C0908A00B315D0 /* Info.plist */ = {isa = PBXFileReference; lastKnownFileType = text.plist.xml; path = Info.plist; sourceTree = "<group>"; };
		910451A925C0908B00B315D0 /* themaquereauTests.xctest */ = {isa = PBXFileReference; explicitFileType = wrapper.cfbundle; includeInIndex = 0; path = themaquereauTests.xctest; sourceTree = BUILT_PRODUCTS_DIR; };
		910451AD25C0908B00B315D0 /* themaquereauTests.swift */ = {isa = PBXFileReference; lastKnownFileType = sourcecode.swift; path = themaquereauTests.swift; sourceTree = "<group>"; };
		910451AF25C0908B00B315D0 /* Info.plist */ = {isa = PBXFileReference; lastKnownFileType = text.plist.xml; path = Info.plist; sourceTree = "<group>"; };
		910451B425C0908B00B315D0 /* themaquereauUITests.xctest */ = {isa = PBXFileReference; explicitFileType = wrapper.cfbundle; includeInIndex = 0; path = themaquereauUITests.xctest; sourceTree = BUILT_PRODUCTS_DIR; };
		910451B825C0908B00B315D0 /* themaquereauUITests.swift */ = {isa = PBXFileReference; lastKnownFileType = sourcecode.swift; path = themaquereauUITests.swift; sourceTree = "<group>"; };
		910451BA25C0908B00B315D0 /* Info.plist */ = {isa = PBXFileReference; lastKnownFileType = text.plist.xml; path = Info.plist; sourceTree = "<group>"; };
		911E1E7F25CC9B0500D767C0 /* Podfile */ = {isa = PBXFileReference; lastKnownFileType = text; path = Podfile; sourceTree = "<group>"; xcLanguageSpecificationIdentifier = xcode.lang.ruby; };
		917E720F25C74AA6004B2597 /* JsonDataResponse.swift */ = {isa = PBXFileReference; lastKnownFileType = sourcecode.swift; path = JsonDataResponse.swift; sourceTree = "<group>"; };
		91BCEADE25CB539200E43E1E /* ContactView.swift */ = {isa = PBXFileReference; lastKnownFileType = sourcecode.swift; path = ContactView.swift; sourceTree = "<group>"; };
		91E723B825C499C600107A59 /* DishListView.swift */ = {isa = PBXFileReference; lastKnownFileType = sourcecode.swift; path = DishListView.swift; sourceTree = "<group>"; };
		91E723C125C49C3100107A59 /* Item.swift */ = {isa = PBXFileReference; lastKnownFileType = sourcecode.swift; path = Item.swift; sourceTree = "<group>"; };
		91E723C925C49E1600107A59 /* Ingredient.swift */ = {isa = PBXFileReference; lastKnownFileType = sourcecode.swift; path = Ingredient.swift; sourceTree = "<group>"; };
		AD9AFB7612DEFA3D61B98180 /* Pods-themaquereau.release.xcconfig */ = {isa = PBXFileReference; includeInIndex = 1; lastKnownFileType = text.xcconfig; name = "Pods-themaquereau.release.xcconfig"; path = "Target Support Files/Pods-themaquereau/Pods-themaquereau.release.xcconfig"; sourceTree = "<group>"; };
		C404EF6B02497CE3CFA4C8A2 /* Pods-themaquereau.debug.xcconfig */ = {isa = PBXFileReference; includeInIndex = 1; lastKnownFileType = text.xcconfig; name = "Pods-themaquereau.debug.xcconfig"; path = "Target Support Files/Pods-themaquereau/Pods-themaquereau.debug.xcconfig"; sourceTree = "<group>"; };
		CFFBA4763C8D7D54F585FD30 /* Price.swift */ = {isa = PBXFileReference; fileEncoding = 4; lastKnownFileType = sourcecode.swift; path = Price.swift; sourceTree = "<group>"; };
		CFFBA88B1AA37E6FCB6280AC /* items.json */ = {isa = PBXFileReference; fileEncoding = 4; lastKnownFileType = text.json; path = items.json; sourceTree = "<group>"; };
		CFFBAD1B4D4C2D59A973E54D /* Data.swift */ = {isa = PBXFileReference; fileEncoding = 4; lastKnownFileType = sourcecode.swift; path = Data.swift; sourceTree = "<group>"; };
/* End PBXFileReference section */

/* Begin PBXFrameworksBuildPhase section */
		9104519525C0908A00B315D0 /* Frameworks */ = {
			isa = PBXFrameworksBuildPhase;
			buildActionMask = 2147483647;
			files = (
				F77DA729FC8632BCE1F67D11 /* Pods_themaquereau.framework in Frameworks */,
			);
			runOnlyForDeploymentPostprocessing = 0;
		};
		910451A625C0908B00B315D0 /* Frameworks */ = {
			isa = PBXFrameworksBuildPhase;
			buildActionMask = 2147483647;
			files = (
			);
			runOnlyForDeploymentPostprocessing = 0;
		};
		910451B125C0908B00B315D0 /* Frameworks */ = {
			isa = PBXFrameworksBuildPhase;
			buildActionMask = 2147483647;
			files = (
			);
			runOnlyForDeploymentPostprocessing = 0;
		};
/* End PBXFrameworksBuildPhase section */

/* Begin PBXGroup section */
		03A634B69747A9381BBAD751 /* Pods */ = {
			isa = PBXGroup;
			children = (
				C404EF6B02497CE3CFA4C8A2 /* Pods-themaquereau.debug.xcconfig */,
				AD9AFB7612DEFA3D61B98180 /* Pods-themaquereau.release.xcconfig */,
			);
			path = Pods;
			sourceTree = "<group>";
		};
		9104518F25C0908900B315D0 = {
			isa = PBXGroup;
			children = (
				911E1E7F25CC9B0500D767C0 /* Podfile */,
				9104519A25C0908A00B315D0 /* themaquereau */,
				910451AC25C0908B00B315D0 /* themaquereauTests */,
				910451B725C0908B00B315D0 /* themaquereauUITests */,
				9104519925C0908A00B315D0 /* Products */,
				03A634B69747A9381BBAD751 /* Pods */,
				F5B84CB9DFA75614B0B9D490 /* Frameworks */,
			);
			sourceTree = "<group>";
		};
		9104519925C0908A00B315D0 /* Products */ = {
			isa = PBXGroup;
			children = (
				9104519825C0908A00B315D0 /* themaquereau.app */,
				910451A925C0908B00B315D0 /* themaquereauTests.xctest */,
				910451B425C0908B00B315D0 /* themaquereauUITests.xctest */,
			);
			name = Products;
			sourceTree = "<group>";
		};
		9104519A25C0908A00B315D0 /* themaquereau */ = {
			isa = PBXGroup;
			children = (
				91E723C025C49C1A00107A59 /* model */,
				9104519B25C0908A00B315D0 /* TheMaquereauApp.swift */,
				9104519D25C0908A00B315D0 /* HomeView.swift */,
				9104519F25C0908A00B315D0 /* Assets.xcassets */,
				910451A425C0908A00B315D0 /* Info.plist */,
				91E723B825C499C600107A59 /* DishListView.swift */,
				CFFBA05414FC2920C3B9268B /* Resources */,
				91BCEADE25CB539200E43E1E /* ContactView.swift */,
			);
			path = themaquereau;
			sourceTree = "<group>";
		};
		910451AC25C0908B00B315D0 /* themaquereauTests */ = {
			isa = PBXGroup;
			children = (
				910451AD25C0908B00B315D0 /* themaquereauTests.swift */,
				910451AF25C0908B00B315D0 /* Info.plist */,
			);
			path = themaquereauTests;
			sourceTree = "<group>";
		};
		910451B725C0908B00B315D0 /* themaquereauUITests */ = {
			isa = PBXGroup;
			children = (
				910451B825C0908B00B315D0 /* themaquereauUITests.swift */,
				910451BA25C0908B00B315D0 /* Info.plist */,
			);
			path = themaquereauUITests;
			sourceTree = "<group>";
		};
		91E723C025C49C1A00107A59 /* model */ = {
			isa = PBXGroup;
			children = (
				91E723C125C49C3100107A59 /* Item.swift */,
				91E723C925C49E1600107A59 /* Ingredient.swift */,
				CFFBAD1B4D4C2D59A973E54D /* Data.swift */,
				CFFBA4763C8D7D54F585FD30 /* Price.swift */,
				917E720F25C74AA6004B2597 /* JsonDataResponse.swift */,
			);
			path = model;
			sourceTree = "<group>";
		};
		CFFBA05414FC2920C3B9268B /* Resources */ = {
			isa = PBXGroup;
			children = (
				CFFBA88B1AA37E6FCB6280AC /* items.json */,
			);
			path = Resources;
			sourceTree = "<group>";
		};
		F5B84CB9DFA75614B0B9D490 /* Frameworks */ = {
			isa = PBXGroup;
			children = (
				5DCB0B56A752FBC883F43E8D /* Pods_themaquereau.framework */,
			);
			name = Frameworks;
			sourceTree = "<group>";
		};
/* End PBXGroup section */

/* Begin PBXNativeTarget section */
		9104519725C0908A00B315D0 /* themaquereau */ = {
			isa = PBXNativeTarget;
			buildConfigurationList = 910451BD25C0908B00B315D0 /* Build configuration list for PBXNativeTarget "themaquereau" */;
			buildPhases = (
				A102973B33ACD72860E14436 /* [CP] Check Pods Manifest.lock */,
				9104519425C0908A00B315D0 /* Sources */,
				9104519525C0908A00B315D0 /* Frameworks */,
				9104519625C0908A00B315D0 /* Resources */,
				71A9C7BE8F664219D3551DDD /* [CP] Embed Pods Frameworks */,
			);
			buildRules = (
			);
			dependencies = (
			);
			name = themaquereau;
			productName = themaquereau;
			productReference = 9104519825C0908A00B315D0 /* themaquereau.app */;
			productType = "com.apple.product-type.application";
		};
		910451A825C0908B00B315D0 /* themaquereauTests */ = {
			isa = PBXNativeTarget;
			buildConfigurationList = 910451C025C0908B00B315D0 /* Build configuration list for PBXNativeTarget "themaquereauTests" */;
			buildPhases = (
				910451A525C0908B00B315D0 /* Sources */,
				910451A625C0908B00B315D0 /* Frameworks */,
				910451A725C0908B00B315D0 /* Resources */,
			);
			buildRules = (
			);
			dependencies = (
				910451AB25C0908B00B315D0 /* PBXTargetDependency */,
			);
			name = themaquereauTests;
			productName = themaquereauTests;
			productReference = 910451A925C0908B00B315D0 /* themaquereauTests.xctest */;
			productType = "com.apple.product-type.bundle.unit-test";
		};
		910451B325C0908B00B315D0 /* themaquereauUITests */ = {
			isa = PBXNativeTarget;
			buildConfigurationList = 910451C325C0908B00B315D0 /* Build configuration list for PBXNativeTarget "themaquereauUITests" */;
			buildPhases = (
				910451B025C0908B00B315D0 /* Sources */,
				910451B125C0908B00B315D0 /* Frameworks */,
				910451B225C0908B00B315D0 /* Resources */,
			);
			buildRules = (
			);
			dependencies = (
				910451B625C0908B00B315D0 /* PBXTargetDependency */,
			);
			name = themaquereauUITests;
			productName = themaquereauUITests;
			productReference = 910451B425C0908B00B315D0 /* themaquereauUITests.xctest */;
			productType = "com.apple.product-type.bundle.ui-testing";
		};
/* End PBXNativeTarget section */

/* Begin PBXProject section */
		9104519025C0908900B315D0 /* Project object */ = {
			isa = PBXProject;
			attributes = {
				LastSwiftUpdateCheck = 1230;
				LastUpgradeCheck = 1230;
				TargetAttributes = {
					9104519725C0908A00B315D0 = {
						CreatedOnToolsVersion = 12.3;
					};
					910451A825C0908B00B315D0 = {
						CreatedOnToolsVersion = 12.3;
						TestTargetID = 9104519725C0908A00B315D0;
					};
					910451B325C0908B00B315D0 = {
						CreatedOnToolsVersion = 12.3;
						TestTargetID = 9104519725C0908A00B315D0;
					};
				};
			};
			buildConfigurationList = 9104519325C0908900B315D0 /* Build configuration list for PBXProject "themaquereau" */;
			compatibilityVersion = "Xcode 9.3";
			developmentRegion = en;
			hasScannedForEncodings = 0;
			knownRegions = (
				en,
				Base,
			);
			mainGroup = 9104518F25C0908900B315D0;
			productRefGroup = 9104519925C0908A00B315D0 /* Products */;
			projectDirPath = "";
			projectRoot = "";
			targets = (
				9104519725C0908A00B315D0 /* themaquereau */,
				910451A825C0908B00B315D0 /* themaquereauTests */,
				910451B325C0908B00B315D0 /* themaquereauUITests */,
			);
		};
/* End PBXProject section */

/* Begin PBXResourcesBuildPhase section */
		9104519625C0908A00B315D0 /* Resources */ = {
			isa = PBXResourcesBuildPhase;
			buildActionMask = 2147483647;
			files = (
				911E1E8025CC9B0500D767C0 /* Podfile in Resources */,
				910451A025C0908A00B315D0 /* Assets.xcassets in Resources */,
				CFFBABAF09FD78A49D840456 /* items.json in Resources */,
			);
			runOnlyForDeploymentPostprocessing = 0;
		};
		910451A725C0908B00B315D0 /* Resources */ = {
			isa = PBXResourcesBuildPhase;
			buildActionMask = 2147483647;
			files = (
			);
			runOnlyForDeploymentPostprocessing = 0;
		};
		910451B225C0908B00B315D0 /* Resources */ = {
			isa = PBXResourcesBuildPhase;
			buildActionMask = 2147483647;
			files = (
			);
			runOnlyForDeploymentPostprocessing = 0;
		};
/* End PBXResourcesBuildPhase section */

/* Begin PBXShellScriptBuildPhase section */
		71A9C7BE8F664219D3551DDD /* [CP] Embed Pods Frameworks */ = {
			isa = PBXShellScriptBuildPhase;
			buildActionMask = 2147483647;
			files = (
			);
			inputFileListPaths = (
				"${PODS_ROOT}/Target Support Files/Pods-themaquereau/Pods-themaquereau-frameworks-${CONFIGURATION}-input-files.xcfilelist",
			);
			name = "[CP] Embed Pods Frameworks";
			outputFileListPaths = (
				"${PODS_ROOT}/Target Support Files/Pods-themaquereau/Pods-themaquereau-frameworks-${CONFIGURATION}-output-files.xcfilelist",
			);
			runOnlyForDeploymentPostprocessing = 0;
			shellPath = /bin/sh;
			shellScript = "\"${PODS_ROOT}/Target Support Files/Pods-themaquereau/Pods-themaquereau-frameworks.sh\"\n";
			showEnvVarsInLog = 0;
		};
		A102973B33ACD72860E14436 /* [CP] Check Pods Manifest.lock */ = {
			isa = PBXShellScriptBuildPhase;
			buildActionMask = 2147483647;
			files = (
			);
			inputFileListPaths = (
			);
			inputPaths = (
				"${PODS_PODFILE_DIR_PATH}/Podfile.lock",
				"${PODS_ROOT}/Manifest.lock",
			);
			name = "[CP] Check Pods Manifest.lock";
			outputFileListPaths = (
			);
			outputPaths = (
				"$(DERIVED_FILE_DIR)/Pods-themaquereau-checkManifestLockResult.txt",
			);
			runOnlyForDeploymentPostprocessing = 0;
			shellPath = /bin/sh;
			shellScript = "diff \"${PODS_PODFILE_DIR_PATH}/Podfile.lock\" \"${PODS_ROOT}/Manifest.lock\" > /dev/null\nif [ $? != 0 ] ; then\n    # print error to STDERR\n    echo \"error: The sandbox is not in sync with the Podfile.lock. Run 'pod install' or update your CocoaPods installation.\" >&2\n    exit 1\nfi\n# This output is used by Xcode 'outputs' to avoid re-running this script phase.\necho \"SUCCESS\" > \"${SCRIPT_OUTPUT_FILE_0}\"\n";
			showEnvVarsInLog = 0;
		};
/* End PBXShellScriptBuildPhase section */

/* Begin PBXSourcesBuildPhase section */
		9104519425C0908A00B315D0 /* Sources */ = {
			isa = PBXSourcesBuildPhase;
			buildActionMask = 2147483647;
			files = (
				91E723B925C499C600107A59 /* DishListView.swift in Sources */,
				91E723C225C49C3100107A59 /* Item.swift in Sources */,
				91E723CA25C49E1600107A59 /* Ingredient.swift in Sources */,
				9104519E25C0908A00B315D0 /* HomeView.swift in Sources */,
				91BCEADF25CB539200E43E1E /* ContactView.swift in Sources */,
				917E721025C74AA6004B2597 /* JsonDataResponse.swift in Sources */,
				9104519C25C0908A00B315D0 /* TheMaquereauApp.swift in Sources */,
				CFFBAAE45393E279BAA1FC1D /* Data.swift in Sources */,
				CFFBA544A488874B4992CF2E /* Price.swift in Sources */,
			);
			runOnlyForDeploymentPostprocessing = 0;
		};
		910451A525C0908B00B315D0 /* Sources */ = {
			isa = PBXSourcesBuildPhase;
			buildActionMask = 2147483647;
			files = (
				910451AE25C0908B00B315D0 /* themaquereauTests.swift in Sources */,
			);
			runOnlyForDeploymentPostprocessing = 0;
		};
		910451B025C0908B00B315D0 /* Sources */ = {
			isa = PBXSourcesBuildPhase;
			buildActionMask = 2147483647;
			files = (
				910451B925C0908B00B315D0 /* themaquereauUITests.swift in Sources */,
			);
			runOnlyForDeploymentPostprocessing = 0;
		};
/* End PBXSourcesBuildPhase section */

/* Begin PBXTargetDependency section */
		910451AB25C0908B00B315D0 /* PBXTargetDependency */ = {
			isa = PBXTargetDependency;
			target = 9104519725C0908A00B315D0 /* themaquereau */;
			targetProxy = 910451AA25C0908B00B315D0 /* PBXContainerItemProxy */;
		};
		910451B625C0908B00B315D0 /* PBXTargetDependency */ = {
			isa = PBXTargetDependency;
			target = 9104519725C0908A00B315D0 /* themaquereau */;
			targetProxy = 910451B525C0908B00B315D0 /* PBXContainerItemProxy */;
		};
/* End PBXTargetDependency section */

/* Begin XCBuildConfiguration section */
		910451BB25C0908B00B315D0 /* Debug */ = {
			isa = XCBuildConfiguration;
			buildSettings = {
				ALWAYS_SEARCH_USER_PATHS = NO;
				CLANG_ANALYZER_NONNULL = YES;
				CLANG_ANALYZER_NUMBER_OBJECT_CONVERSION = YES_AGGRESSIVE;
				CLANG_CXX_LANGUAGE_STANDARD = "gnu++14";
				CLANG_CXX_LIBRARY = "libc++";
				CLANG_ENABLE_MODULES = YES;
				CLANG_ENABLE_OBJC_ARC = YES;
				CLANG_ENABLE_OBJC_WEAK = YES;
				CLANG_WARN_BLOCK_CAPTURE_AUTORELEASING = YES;
				CLANG_WARN_BOOL_CONVERSION = YES;
				CLANG_WARN_COMMA = YES;
				CLANG_WARN_CONSTANT_CONVERSION = YES;
				CLANG_WARN_DEPRECATED_OBJC_IMPLEMENTATIONS = YES;
				CLANG_WARN_DIRECT_OBJC_ISA_USAGE = YES_ERROR;
				CLANG_WARN_DOCUMENTATION_COMMENTS = YES;
				CLANG_WARN_EMPTY_BODY = YES;
				CLANG_WARN_ENUM_CONVERSION = YES;
				CLANG_WARN_INFINITE_RECURSION = YES;
				CLANG_WARN_INT_CONVERSION = YES;
				CLANG_WARN_NON_LITERAL_NULL_CONVERSION = YES;
				CLANG_WARN_OBJC_IMPLICIT_RETAIN_SELF = YES;
				CLANG_WARN_OBJC_LITERAL_CONVERSION = YES;
				CLANG_WARN_OBJC_ROOT_CLASS = YES_ERROR;
				CLANG_WARN_QUOTED_INCLUDE_IN_FRAMEWORK_HEADER = YES;
				CLANG_WARN_RANGE_LOOP_ANALYSIS = YES;
				CLANG_WARN_STRICT_PROTOTYPES = YES;
				CLANG_WARN_SUSPICIOUS_MOVE = YES;
				CLANG_WARN_UNGUARDED_AVAILABILITY = YES_AGGRESSIVE;
				CLANG_WARN_UNREACHABLE_CODE = YES;
				CLANG_WARN__DUPLICATE_METHOD_MATCH = YES;
				COPY_PHASE_STRIP = NO;
				DEBUG_INFORMATION_FORMAT = dwarf;
				ENABLE_STRICT_OBJC_MSGSEND = YES;
				ENABLE_TESTABILITY = YES;
				GCC_C_LANGUAGE_STANDARD = gnu11;
				GCC_DYNAMIC_NO_PIC = NO;
				GCC_NO_COMMON_BLOCKS = YES;
				GCC_OPTIMIZATION_LEVEL = 0;
				GCC_PREPROCESSOR_DEFINITIONS = (
					"DEBUG=1",
					"$(inherited)",
				);
				GCC_WARN_64_TO_32_BIT_CONVERSION = YES;
				GCC_WARN_ABOUT_RETURN_TYPE = YES_ERROR;
				GCC_WARN_UNDECLARED_SELECTOR = YES;
				GCC_WARN_UNINITIALIZED_AUTOS = YES_AGGRESSIVE;
				GCC_WARN_UNUSED_FUNCTION = YES;
				GCC_WARN_UNUSED_VARIABLE = YES;
				IPHONEOS_DEPLOYMENT_TARGET = 14.3;
				MTL_ENABLE_DEBUG_INFO = INCLUDE_SOURCE;
				MTL_FAST_MATH = YES;
				ONLY_ACTIVE_ARCH = YES;
				OTHER_LDFLAGS = "\"-Xlinker -interposable\"";
				SDKROOT = iphoneos;
				SWIFT_ACTIVE_COMPILATION_CONDITIONS = DEBUG;
				SWIFT_OPTIMIZATION_LEVEL = "-Onone";
			};
			name = Debug;
		};
		910451BC25C0908B00B315D0 /* Release */ = {
			isa = XCBuildConfiguration;
			buildSettings = {
				ALWAYS_SEARCH_USER_PATHS = NO;
				CLANG_ANALYZER_NONNULL = YES;
				CLANG_ANALYZER_NUMBER_OBJECT_CONVERSION = YES_AGGRESSIVE;
				CLANG_CXX_LANGUAGE_STANDARD = "gnu++14";
				CLANG_CXX_LIBRARY = "libc++";
				CLANG_ENABLE_MODULES = YES;
				CLANG_ENABLE_OBJC_ARC = YES;
				CLANG_ENABLE_OBJC_WEAK = YES;
				CLANG_WARN_BLOCK_CAPTURE_AUTORELEASING = YES;
				CLANG_WARN_BOOL_CONVERSION = YES;
				CLANG_WARN_COMMA = YES;
				CLANG_WARN_CONSTANT_CONVERSION = YES;
				CLANG_WARN_DEPRECATED_OBJC_IMPLEMENTATIONS = YES;
				CLANG_WARN_DIRECT_OBJC_ISA_USAGE = YES_ERROR;
				CLANG_WARN_DOCUMENTATION_COMMENTS = YES;
				CLANG_WARN_EMPTY_BODY = YES;
				CLANG_WARN_ENUM_CONVERSION = YES;
				CLANG_WARN_INFINITE_RECURSION = YES;
				CLANG_WARN_INT_CONVERSION = YES;
				CLANG_WARN_NON_LITERAL_NULL_CONVERSION = YES;
				CLANG_WARN_OBJC_IMPLICIT_RETAIN_SELF = YES;
				CLANG_WARN_OBJC_LITERAL_CONVERSION = YES;
				CLANG_WARN_OBJC_ROOT_CLASS = YES_ERROR;
				CLANG_WARN_QUOTED_INCLUDE_IN_FRAMEWORK_HEADER = YES;
				CLANG_WARN_RANGE_LOOP_ANALYSIS = YES;
				CLANG_WARN_STRICT_PROTOTYPES = YES;
				CLANG_WARN_SUSPICIOUS_MOVE = YES;
				CLANG_WARN_UNGUARDED_AVAILABILITY = YES_AGGRESSIVE;
				CLANG_WARN_UNREACHABLE_CODE = YES;
				CLANG_WARN__DUPLICATE_METHOD_MATCH = YES;
				COPY_PHASE_STRIP = NO;
				DEBUG_INFORMATION_FORMAT = "dwarf-with-dsym";
				ENABLE_NS_ASSERTIONS = NO;
				ENABLE_STRICT_OBJC_MSGSEND = YES;
				GCC_C_LANGUAGE_STANDARD = gnu11;
				GCC_NO_COMMON_BLOCKS = YES;
				GCC_WARN_64_TO_32_BIT_CONVERSION = YES;
				GCC_WARN_ABOUT_RETURN_TYPE = YES_ERROR;
				GCC_WARN_UNDECLARED_SELECTOR = YES;
				GCC_WARN_UNINITIALIZED_AUTOS = YES_AGGRESSIVE;
				GCC_WARN_UNUSED_FUNCTION = YES;
				GCC_WARN_UNUSED_VARIABLE = YES;
				IPHONEOS_DEPLOYMENT_TARGET = 14.3;
				MTL_ENABLE_DEBUG_INFO = NO;
				MTL_FAST_MATH = YES;
				OTHER_LDFLAGS = "\"-Xlinker -interposable\"";
				SDKROOT = iphoneos;
				SWIFT_COMPILATION_MODE = wholemodule;
				SWIFT_OPTIMIZATION_LEVEL = "-O";
				VALIDATE_PRODUCT = YES;
			};
			name = Release;
		};
		910451BE25C0908B00B315D0 /* Debug */ = {
			isa = XCBuildConfiguration;
			baseConfigurationReference = C404EF6B02497CE3CFA4C8A2 /* Pods-themaquereau.debug.xcconfig */;
			buildSettings = {
				ASSETCATALOG_COMPILER_APPICON_NAME = AppIcon;
				ASSETCATALOG_COMPILER_GLOBAL_ACCENT_COLOR_NAME = AccentColor;
				CODE_SIGN_STYLE = Automatic;
				DEVELOPMENT_ASSET_PATHS = "\"themaquereau/Preview Content\"";
				DEVELOPMENT_TEAM = 2P382FZ79H;
				ENABLE_PREVIEWS = YES;
				INFOPLIST_FILE = themaquereau/Info.plist;
				IPHONEOS_DEPLOYMENT_TARGET = 14.0;
				LD_RUNPATH_SEARCH_PATHS = (
					"$(inherited)",
					"@executable_path/Frameworks",
				);
				PRODUCT_BUNDLE_IDENTIFIER = davidhaioum.themaquereau;
				PRODUCT_NAME = "$(TARGET_NAME)";
				SWIFT_VERSION = 5.0;
				TARGETED_DEVICE_FAMILY = "1,2";
			};
			name = Debug;
		};
		910451BF25C0908B00B315D0 /* Release */ = {
			isa = XCBuildConfiguration;
			baseConfigurationReference = AD9AFB7612DEFA3D61B98180 /* Pods-themaquereau.release.xcconfig */;
			buildSettings = {
				ASSETCATALOG_COMPILER_APPICON_NAME = AppIcon;
				ASSETCATALOG_COMPILER_GLOBAL_ACCENT_COLOR_NAME = AccentColor;
				CODE_SIGN_STYLE = Automatic;
				DEVELOPMENT_ASSET_PATHS = "\"themaquereau/Preview Content\"";
				DEVELOPMENT_TEAM = 2P382FZ79H;
				ENABLE_PREVIEWS = YES;
				INFOPLIST_FILE = themaquereau/Info.plist;
				IPHONEOS_DEPLOYMENT_TARGET = 14.0;
				LD_RUNPATH_SEARCH_PATHS = (
					"$(inherited)",
					"@executable_path/Frameworks",
				);
				PRODUCT_BUNDLE_IDENTIFIER = davidhaioum.themaquereau;
				PRODUCT_NAME = "$(TARGET_NAME)";
				SWIFT_VERSION = 5.0;
				TARGETED_DEVICE_FAMILY = "1,2";
			};
			name = Release;
		};
		910451C125C0908B00B315D0 /* Debug */ = {
			isa = XCBuildConfiguration;
			buildSettings = {
				ALWAYS_EMBED_SWIFT_STANDARD_LIBRARIES = YES;
				BUNDLE_LOADER = "$(TEST_HOST)";
				CODE_SIGN_STYLE = Automatic;
				DEVELOPMENT_TEAM = 2P382FZ79H;
				INFOPLIST_FILE = themaquereauTests/Info.plist;
				IPHONEOS_DEPLOYMENT_TARGET = 14.0;
				LD_RUNPATH_SEARCH_PATHS = (
					"$(inherited)",
					"@executable_path/Frameworks",
					"@loader_path/Frameworks",
				);
				PRODUCT_BUNDLE_IDENTIFIER = davidhaioum.themaquereauTests;
				PRODUCT_NAME = "$(TARGET_NAME)";
				SWIFT_VERSION = 5.0;
				TARGETED_DEVICE_FAMILY = "1,2";
				TEST_HOST = "$(BUILT_PRODUCTS_DIR)/themaquereau.app/themaquereau";
			};
			name = Debug;
		};
		910451C225C0908B00B315D0 /* Release */ = {
			isa = XCBuildConfiguration;
			buildSettings = {
				ALWAYS_EMBED_SWIFT_STANDARD_LIBRARIES = YES;
				BUNDLE_LOADER = "$(TEST_HOST)";
				CODE_SIGN_STYLE = Automatic;
				DEVELOPMENT_TEAM = 2P382FZ79H;
				INFOPLIST_FILE = themaquereauTests/Info.plist;
				IPHONEOS_DEPLOYMENT_TARGET = 14.0;
				LD_RUNPATH_SEARCH_PATHS = (
					"$(inherited)",
					"@executable_path/Frameworks",
					"@loader_path/Frameworks",
				);
				PRODUCT_BUNDLE_IDENTIFIER = davidhaioum.themaquereauTests;
				PRODUCT_NAME = "$(TARGET_NAME)";
				SWIFT_VERSION = 5.0;
				TARGETED_DEVICE_FAMILY = "1,2";
				TEST_HOST = "$(BUILT_PRODUCTS_DIR)/themaquereau.app/themaquereau";
			};
			name = Release;
		};
		910451C425C0908B00B315D0 /* Debug */ = {
			isa = XCBuildConfiguration;
			buildSettings = {
				ALWAYS_EMBED_SWIFT_STANDARD_LIBRARIES = YES;
				CODE_SIGN_STYLE = Automatic;
				DEVELOPMENT_TEAM = 2P382FZ79H;
				INFOPLIST_FILE = themaquereauUITests/Info.plist;
				LD_RUNPATH_SEARCH_PATHS = (
					"$(inherited)",
					"@executable_path/Frameworks",
					"@loader_path/Frameworks",
				);
				PRODUCT_BUNDLE_IDENTIFIER = davidhaioum.themaquereauUITests;
				PRODUCT_NAME = "$(TARGET_NAME)";
				SWIFT_VERSION = 5.0;
				TARGETED_DEVICE_FAMILY = "1,2";
				TEST_TARGET_NAME = themaquereau;
			};
			name = Debug;
		};
		910451C525C0908B00B315D0 /* Release */ = {
			isa = XCBuildConfiguration;
			buildSettings = {
				ALWAYS_EMBED_SWIFT_STANDARD_LIBRARIES = YES;
				CODE_SIGN_STYLE = Automatic;
				DEVELOPMENT_TEAM = 2P382FZ79H;
				INFOPLIST_FILE = themaquereauUITests/Info.plist;
				LD_RUNPATH_SEARCH_PATHS = (
					"$(inherited)",
					"@executable_path/Frameworks",
					"@loader_path/Frameworks",
				);
				PRODUCT_BUNDLE_IDENTIFIER = davidhaioum.themaquereauUITests;
				PRODUCT_NAME = "$(TARGET_NAME)";
				SWIFT_VERSION = 5.0;
				TARGETED_DEVICE_FAMILY = "1,2";
				TEST_TARGET_NAME = themaquereau;
			};
			name = Release;
		};
/* End XCBuildConfiguration section */

/* Begin XCConfigurationList section */
		9104519325C0908900B315D0 /* Build configuration list for PBXProject "themaquereau" */ = {
			isa = XCConfigurationList;
			buildConfigurations = (
				910451BB25C0908B00B315D0 /* Debug */,
				910451BC25C0908B00B315D0 /* Release */,
			);
			defaultConfigurationIsVisible = 0;
			defaultConfigurationName = Release;
		};
		910451BD25C0908B00B315D0 /* Build configuration list for PBXNativeTarget "themaquereau" */ = {
			isa = XCConfigurationList;
			buildConfigurations = (
				910451BE25C0908B00B315D0 /* Debug */,
				910451BF25C0908B00B315D0 /* Release */,
			);
			defaultConfigurationIsVisible = 0;
			defaultConfigurationName = Release;
		};
		910451C025C0908B00B315D0 /* Build configuration list for PBXNativeTarget "themaquereauTests" */ = {
			isa = XCConfigurationList;
			buildConfigurations = (
				910451C125C0908B00B315D0 /* Debug */,
				910451C225C0908B00B315D0 /* Release */,
			);
			defaultConfigurationIsVisible = 0;
			defaultConfigurationName = Release;
		};
		910451C325C0908B00B315D0 /* Build configuration list for PBXNativeTarget "themaquereauUITests" */ = {
			isa = XCConfigurationList;
			buildConfigurations = (
				910451C425C0908B00B315D0 /* Debug */,
				910451C525C0908B00B315D0 /* Release */,
			);
			defaultConfigurationIsVisible = 0;
			defaultConfigurationName = Release;
		};
/* End XCConfigurationList section */
	};
	rootObject = 9104519025C0908900B315D0 /* Project object */;
}
